
Microsoft Visual Studio Solution File, Format Version 12.00
# Visual Studio Version 16
VisualStudioVersion = 16.0.29519.87
MinimumVisualStudioVersion = 10.0.40219.1
Project("{FAE04EC0-301F-11D3-BF4B-00C04F79EFBC}") = "Project_MusicPlayer", "Project_MusicPlayer\Project_MusicPlayer.csproj", "{BB030817-4A24-426F-8EED-2D5AD8F1D003}"
EndProject
Global
	GlobalSection(SolutionConfigurationPlatforms) = preSolution
		Debug|Any CPU = Debug|Any CPU
		Release|Any CPU = Release|Any CPU
	EndGlobalSection
	GlobalSection(ProjectConfigurationPlatforms) = postSolution
		{BB030817-4A24-426F-8EED-2D5AD8F1D003}.Debug|Any CPU.ActiveCfg = Debug|Any CPU
		{BB030817-4A24-426F-8EED-2D5AD8F1D003}.Debug|Any CPU.Build.0 = Debug|Any CPU
		{BB030817-4A24-426F-8EED-2D5AD8F1D003}.Release|Any CPU.ActiveCfg = Release|Any CPU
		{BB030817-4A24-426F-8EED-2D5AD8F1D003}.Release|Any CPU.Build.0 = Release|Any CPU
	EndGlobalSection
	GlobalSection(SolutionProperties) = preSolution
		HideSolutionNode = FALSE
	EndGlobalSection
	GlobalSection(ExtensibilityGlobals) = postSolution
		SolutionGuid = {C49A9DF3-B000-44EE-A9F4-46CD2D652505}
	EndGlobalSection
EndGlobal
